
Microsoft Visual Studio Solution File, Format Version 12.00
# Visual Studio Version 17
VisualStudioVersion = 17.12.35707.178
MinimumVisualStudioVersion = 10.0.40219.1
Project("{FAE04EC0-301F-11D3-BF4B-00C04F79EFBC}") = "Presentation", "ApiTester\Presentation.csproj", "{16D0A926-D5A0-4E54-AC3A-2F75E83EC816}"
EndProject
Project("{FAE04EC0-301F-11D3-BF4B-00C04F79EFBC}") = "Domain", "Domain\Domain.csproj", "{4BD43FAC-4CDB-48A0-8799-1AB0014F797A}"
EndProject
Project("{FAE04EC0-301F-11D3-BF4B-00C04F79EFBC}") = "Infrastructure", "Infrastructure\Infrastructure.csproj", "{0227B858-E72D-4497-B5EA-670BC523B794}"
EndProject
Project("{FAE04EC0-301F-11D3-BF4B-00C04F79EFBC}") = "Services", "Application\Services.csproj", "{2CD8F179-E145-412A-B543-5F91C5A6B2EA}"
EndProject
Project("{FAE04EC0-301F-11D3-BF4B-00C04F79EFBC}") = "NUnit Tests", "NUnit Test Project\NUnit Tests.csproj", "{1BBE69E8-03AA-465C-974E-39C6B8CE952B}"
EndProject
Global
	GlobalSection(SolutionConfigurationPlatforms) = preSolution
		Debug|Any CPU = Debug|Any CPU
		Release|Any CPU = Release|Any CPU
	EndGlobalSection
	GlobalSection(ProjectConfigurationPlatforms) = postSolution
		{16D0A926-D5A0-4E54-AC3A-2F75E83EC816}.Debug|Any CPU.ActiveCfg = Debug|Any CPU
		{16D0A926-D5A0-4E54-AC3A-2F75E83EC816}.Debug|Any CPU.Build.0 = Debug|Any CPU
		{16D0A926-D5A0-4E54-AC3A-2F75E83EC816}.Release|Any CPU.ActiveCfg = Release|Any CPU
		{16D0A926-D5A0-4E54-AC3A-2F75E83EC816}.Release|Any CPU.Build.0 = Release|Any CPU
		{4BD43FAC-4CDB-48A0-8799-1AB0014F797A}.Debug|Any CPU.ActiveCfg = Debug|Any CPU
		{4BD43FAC-4CDB-48A0-8799-1AB0014F797A}.Debug|Any CPU.Build.0 = Debug|Any CPU
		{4BD43FAC-4CDB-48A0-8799-1AB0014F797A}.Release|Any CPU.ActiveCfg = Release|Any CPU
		{4BD43FAC-4CDB-48A0-8799-1AB0014F797A}.Release|Any CPU.Build.0 = Release|Any CPU
		{0227B858-E72D-4497-B5EA-670BC523B794}.Debug|Any CPU.ActiveCfg = Debug|Any CPU
		{0227B858-E72D-4497-B5EA-670BC523B794}.Debug|Any CPU.Build.0 = Debug|Any CPU
		{0227B858-E72D-4497-B5EA-670BC523B794}.Release|Any CPU.ActiveCfg = Release|Any CPU
		{0227B858-E72D-4497-B5EA-670BC523B794}.Release|Any CPU.Build.0 = Release|Any CPU
		{2CD8F179-E145-412A-B543-5F91C5A6B2EA}.Debug|Any CPU.ActiveCfg = Debug|Any CPU
		{2CD8F179-E145-412A-B543-5F91C5A6B2EA}.Debug|Any CPU.Build.0 = Debug|Any CPU
		{2CD8F179-E145-412A-B543-5F91C5A6B2EA}.Release|Any CPU.ActiveCfg = Release|Any CPU
		{2CD8F179-E145-412A-B543-5F91C5A6B2EA}.Release|Any CPU.Build.0 = Release|Any CPU
		{1BBE69E8-03AA-465C-974E-39C6B8CE952B}.Debug|Any CPU.ActiveCfg = Debug|Any CPU
		{1BBE69E8-03AA-465C-974E-39C6B8CE952B}.Debug|Any CPU.Build.0 = Debug|Any CPU
		{1BBE69E8-03AA-465C-974E-39C6B8CE952B}.Release|Any CPU.ActiveCfg = Release|Any CPU
		{1BBE69E8-03AA-465C-974E-39C6B8CE952B}.Release|Any CPU.Build.0 = Release|Any CPU
	EndGlobalSection
	GlobalSection(SolutionProperties) = preSolution
		HideSolutionNode = FALSE
	EndGlobalSection
EndGlobal
